
Microsoft Visual Studio Solution File, Format Version 12.00
# Visual Studio Version 16
VisualStudioVersion = 16.0.31515.178
MinimumVisualStudioVersion = 10.0.40219.1
Project("{9A19103F-16F7-4668-BE54-9A1E7A4F7556}") = "ATSBackend.Service", "ATSBackend.Service\ATSBackend.Service.csproj", "{FF2075A6-7505-4BB1-BCA5-6B948AF29F74}"
EndProject
Project("{FAE04EC0-301F-11D3-BF4B-00C04F79EFBC}") = "ATSBackend.Application", "ATSBackend.Application\ATSBackend.Application.csproj", "{3CC4A7C8-E24D-49AF-B420-C5F221CC04E6}"
EndProject
Project("{FAE04EC0-301F-11D3-BF4B-00C04F79EFBC}") = "ATSBackend.Domain", "ATSBackend.Domain\ATSBackend.Domain.csproj", "{0730C0F3-E822-4144-950D-E2658588B701}"
EndProject
Project("{FAE04EC0-301F-11D3-BF4B-00C04F79EFBC}") = "ATSBackend.Infra.Data", "ATSBackend.Infra.Data\ATSBackend.Infra.Data.csproj", "{0EEDC3FB-341E-4733-A123-8A66E7496098}"
EndProject
Project("{FAE04EC0-301F-11D3-BF4B-00C04F79EFBC}") = "ATSBackend.Test", "ATSBackend.Test\ATSBackend.Test.csproj", "{63E113E6-414F-49BE-90E2-DAE7C3C3428E}"
EndProject
Global
	GlobalSection(SolutionConfigurationPlatforms) = preSolution
		Debug|Any CPU = Debug|Any CPU
		Release|Any CPU = Release|Any CPU
	EndGlobalSection
	GlobalSection(ProjectConfigurationPlatforms) = postSolution
		{FF2075A6-7505-4BB1-BCA5-6B948AF29F74}.Debug|Any CPU.ActiveCfg = Debug|Any CPU
		{FF2075A6-7505-4BB1-BCA5-6B948AF29F74}.Debug|Any CPU.Build.0 = Debug|Any CPU
		{FF2075A6-7505-4BB1-BCA5-6B948AF29F74}.Release|Any CPU.ActiveCfg = Release|Any CPU
		{FF2075A6-7505-4BB1-BCA5-6B948AF29F74}.Release|Any CPU.Build.0 = Release|Any CPU
		{3CC4A7C8-E24D-49AF-B420-C5F221CC04E6}.Debug|Any CPU.ActiveCfg = Debug|Any CPU
		{3CC4A7C8-E24D-49AF-B420-C5F221CC04E6}.Debug|Any CPU.Build.0 = Debug|Any CPU
		{3CC4A7C8-E24D-49AF-B420-C5F221CC04E6}.Release|Any CPU.ActiveCfg = Release|Any CPU
		{3CC4A7C8-E24D-49AF-B420-C5F221CC04E6}.Release|Any CPU.Build.0 = Release|Any CPU
		{0730C0F3-E822-4144-950D-E2658588B701}.Debug|Any CPU.ActiveCfg = Debug|Any CPU
		{0730C0F3-E822-4144-950D-E2658588B701}.Debug|Any CPU.Build.0 = Debug|Any CPU
		{0730C0F3-E822-4144-950D-E2658588B701}.Release|Any CPU.ActiveCfg = Release|Any CPU
		{0730C0F3-E822-4144-950D-E2658588B701}.Release|Any CPU.Build.0 = Release|Any CPU
		{0EEDC3FB-341E-4733-A123-8A66E7496098}.Debug|Any CPU.ActiveCfg = Debug|Any CPU
		{0EEDC3FB-341E-4733-A123-8A66E7496098}.Debug|Any CPU.Build.0 = Debug|Any CPU
		{0EEDC3FB-341E-4733-A123-8A66E7496098}.Release|Any CPU.ActiveCfg = Release|Any CPU
		{0EEDC3FB-341E-4733-A123-8A66E7496098}.Release|Any CPU.Build.0 = Release|Any CPU
		{63E113E6-414F-49BE-90E2-DAE7C3C3428E}.Debug|Any CPU.ActiveCfg = Debug|Any CPU
		{63E113E6-414F-49BE-90E2-DAE7C3C3428E}.Debug|Any CPU.Build.0 = Debug|Any CPU
		{63E113E6-414F-49BE-90E2-DAE7C3C3428E}.Release|Any CPU.ActiveCfg = Release|Any CPU
		{63E113E6-414F-49BE-90E2-DAE7C3C3428E}.Release|Any CPU.Build.0 = Release|Any CPU
	EndGlobalSection
	GlobalSection(SolutionProperties) = preSolution
		HideSolutionNode = FALSE
	EndGlobalSection
	GlobalSection(ExtensibilityGlobals) = postSolution
		SolutionGuid = {3CD368FC-8591-4B8D-A2F3-9ACAACC7EEBA}
	EndGlobalSection
EndGlobal
